
Microsoft Visual Studio Solution File, Format Version 12.00
# Visual Studio 15
VisualStudioVersion = 15.0.27703.2026
MinimumVisualStudioVersion = 10.0.40219.1
Project("{2150E333-8FDC-42A3-9474-1A3956D46DE8}") = "Solution Items", "Solution Items", "{7EBF48A1-8AC1-4E84-BDCC-E0984183D098}"
	ProjectSection(SolutionItems) = preProject
		AuthorizeNET.vsmdi = AuthorizeNET.vsmdi
	EndProjectSection
EndProject
Project("{9A19103F-16F7-4668-BE54-9A1E7A4F7556}") = "AuthorizeNet", "Authorize.NET\AuthorizeNet.csproj", "{00AD08A0-2C57-44AB-8566-464D84C3117A}"
EndProject
Global
	GlobalSection(SolutionConfigurationPlatforms) = preSolution
		Debug|Any CPU = Debug|Any CPU
		Release|Any CPU = Release|Any CPU
	EndGlobalSection
	GlobalSection(ProjectConfigurationPlatforms) = postSolution
		{00AD08A0-2C57-44AB-8566-464D84C3117A}.Debug|Any CPU.ActiveCfg = Debug|Any CPU
		{00AD08A0-2C57-44AB-8566-464D84C3117A}.Debug|Any CPU.Build.0 = Debug|Any CPU
		{00AD08A0-2C57-44AB-8566-464D84C3117A}.Release|Any CPU.ActiveCfg = Release|Any CPU
		{00AD08A0-2C57-44AB-8566-464D84C3117A}.Release|Any CPU.Build.0 = Release|Any CPU
	EndGlobalSection
	GlobalSection(SolutionProperties) = preSolution
		HideSolutionNode = FALSE
	EndGlobalSection
	GlobalSection(ExtensibilityGlobals) = postSolution
		SolutionGuid = {9626C968-5AE4-4D0E-80BD-580A56F74BB4}
	EndGlobalSection
	GlobalSection(TestCaseManagementSettings) = postSolution
		CategoryFile = AuthorizeNET.vsmdi
	EndGlobalSection
EndGlobal
